{
  "version": 4,
  "terraform_version": "1.3.2",
  "serial": 12,
  "lineage": "486857f4-b4a9-2fae-ae66-f6f9755f4301",
  "outputs": {},
  "resources": [
    {
      "mode": "managed",
      "type": "google_container_cluster",
      "name": "my-playground-cluster",
      "provider": "provider[\"registry.terraform.io/hashicorp/google\"]",
      "instances": [
        {
          "schema_version": 2,
          "attributes": {
            "addons_config": [
              {
                "cloudrun_config": [],
                "config_connector_config": [],
                "dns_cache_config": [],
                "gce_persistent_disk_csi_driver_config": [
                  {
                    "enabled": true
                  }
                ],
                "gcp_filestore_csi_driver_config": [],
                "gcs_fuse_csi_driver_config": [],
                "gke_backup_agent_config": [],
                "horizontal_pod_autoscaling": [],
                "http_load_balancing": [],
                "network_policy_config": [
                  {
                    "disabled": true
                  }
                ]
              }
            ],
            "allow_net_admin": null,
            "authenticator_groups_config": [],
            "binary_authorization": [
              {
                "enabled": false,
                "evaluation_mode": ""
              }
            ],
            "cluster_autoscaling": [
              {
                "auto_provisioning_defaults": [],
                "autoscaling_profile": "BALANCED",
                "enabled": false,
                "resource_limits": []
              }
            ],
            "cluster_ipv4_cidr": "10.52.0.0/14",
            "confidential_nodes": [],
            "cost_management_config": [],
            "database_encryption": [
              {
                "key_name": "",
                "state": "DECRYPTED"
              }
            ],
            "datapath_provider": "",
            "default_max_pods_per_node": 110,
            "default_snat_status": [
              {
                "disabled": false
              }
            ],
            "deletion_protection": true,
            "description": "",
            "dns_config": [],
            "enable_autopilot": false,
            "enable_intranode_visibility": false,
            "enable_k8s_beta_apis": [],
            "enable_kubernetes_alpha": false,
            "enable_l4_ilb_subsetting": false,
            "enable_legacy_abac": false,
            "enable_shielded_nodes": true,
            "enable_tpu": false,
            "endpoint": "34.32.248.91",
            "fleet": [],
            "gateway_api_config": [],
            "id": "projects/mms-clp-playground2402-a-i2ar/locations/europe-west4/clusters/my-playground-cluster",
            "identity_service_config": [],
            "initial_node_count": 1,
            "ip_allocation_policy": [
              {
                "additional_pod_ranges_config": [],
                "cluster_ipv4_cidr_block": "10.52.0.0/14",
                "cluster_secondary_range_name": "gke-my-playground-cluster-pods-a33dd849",
                "pod_cidr_overprovision_config": [
                  {
                    "disabled": false
                  }
                ],
                "services_ipv4_cidr_block": "10.56.0.0/20",
                "services_secondary_range_name": "gke-my-playground-cluster-services-a33dd849",
                "stack_type": "IPV4"
              }
            ],
            "label_fingerprint": "a9dc16a7",
            "location": "europe-west4",
            "logging_config": [
              {
                "enable_components": [
                  "SYSTEM_COMPONENTS",
                  "WORKLOADS"
                ]
              }
            ],
            "logging_service": "logging.googleapis.com/kubernetes",
            "maintenance_policy": [],
            "master_auth": [
              {
                "client_certificate": "",
                "client_certificate_config": [
                  {
                    "issue_client_certificate": false
                  }
                ],
                "client_key": "",
                "cluster_ca_certificate": "LS0tLS1CRUdJTiBDRVJUSUZJQ0FURS0tLS0tCk1JSUVMVENDQXBXZ0F3SUJBZ0lSQU9scjBTcVA5ZEd0OTlUSXI0Sk5wOGd3RFFZSktvWklodmNOQVFFTEJRQXcKTHpFdE1Dc0dBMVVFQXhNa09XVXdNekprWXpJdFpURmxOUzAwTWpNMExXSXlZVGN0TlRabFkyVTJNakkwWWpBdwpNQ0FYRFRJME1ESXhOVEV6TXpZek0xb1lEekl3TlRRd01qQTNNVFF6TmpNeldqQXZNUzB3S3dZRFZRUURFeVE1ClpUQXpNbVJqTWkxbE1XVTFMVFF5TXpRdFlqSmhOeTAxTm1WalpUWXlNalJpTURBd2dnR2lNQTBHQ1NxR1NJYjMKRFFFQkFRVUFBNElCandBd2dnR0tBb0lCZ1FDeDJrYjhEc0paQ1BXNlZvdDN1SUZKcXRML2s3NkRhM2hTTUVGNwpCd25relU0SUV0NncyTklBcGxESWNod2pRUlBGTlFlOVNjTXh1RWFpS010RVR6bGF1TkZtOVFGMHAwYnZ3b0tqCm8yNHZXU2NyL3pVamgxcTBxVUJBeVJmbUVXNHY2eWZ1WTdZMXZNQ2VGeTFHeHh0dkFkTW85WVhET0dPK1kvOEEKSXVsUmRGSHVYaEs5VzhnalZnOTg1U0YvTCtNekFncWs2ekJXZXF3NmxDR3g3NEhoeVhXQzFqM0sveGhaRUZLWQpRcm1qRityWFlkbkE0ZGRrSUdmTTJENm13TGYxM3V6VlllNkl4b1oramxiNk93dVQvL2FlaDdIdnBGMjFjMURECnYzdXdTNWVKc3lDMGplR2RFclJCTThRamIyS21kWWlPd21nb0dJbUFray83b1oyMDVpYjd2bThBcnNXWGZJd3IKeVNwazRHTjR5K01uVWMzZjBGQnFyV1QyeHRxTnVlek04L1EvUGxBaTk1RmEyYjJNSXNBV0wvK3RSQzlVbVV0aApoaWYySDJPdFVhT21Hd3AvZXBQTVVhck5wbFdSUGhEb2JnNW51T0V1emhVYUVrL3pTMkNCQm9lNjBnaDlxNDRNCmdPN2FrUUM2Q0x4T1JBbjNkS3dtLzhmblVsY0NBd0VBQWFOQ01FQXdEZ1lEVlIwUEFRSC9CQVFEQWdJRU1BOEcKQTFVZEV3RUIvd1FGTUFNQkFmOHdIUVlEVlIwT0JCWUVGQzVwNkoveGdCMHhHbG1za1N3K3NQQURsOWIxTUEwRwpDU3FHU0liM0RRRUJDd1VBQTRJQmdRQUxWYytXWlFmNjNTNHZxU1NJa1hLRy9OMHZBNUlkRFpYQjVHbWI4bVN6CkdzUGE4RTQvbGpoZjBkRDVHdy82ajRTYWR1V1B4MmRSYkpOWW1MQUpDUFRodXVabitBRmJxcnhpNUxzWW9OMTAKeDFMTmhYc2JhQ3IvRXg1U3Q1blFlRHBUL29vUTlrSGRJU1c0N0YyMk9rVUFMYXZjSjJXaHRhRTlocmxrdFY4SApDYzE4L3hianNPYk8wRlV5cXByVGFjYUtXMXZsd2VYS3RUMk54WGliTTA3dXBtRWJlc1VaUzhMeEZOUDVkZFpWClhHd2tacFVLMk1kWmJlZ256L2VqVXpUdkV1OGd5NXFoNCtpdzI5RHd4MUFlem8zRzM4S2lpcmpmRGsyTWxQTVAKK1I5Wm5qblJUVmM5UUhJSmxhMXRnMXN5c1M5T2dhZm5YQzdTU25vN1lTK2ZCZGZxU3ZQbzBVcnRxS2Z1WnhRWQptR0hTL1d6cUJmT2JxK0w1MDdRWlVseENQOGtkUDdpZUlhZytJZWNwejJabEtwUHhneWc0TEdlb0RrT2RxelJCCmU1RmowUFdJeVFUMmZnMUl5ZDdxY3M5cEFhd2tQUzVtV29RdVhiL2V1YmJYai9UNmFwa1V0Q3lkNTV1My96WSsKQWhvS085clNPSHgxdEtaU2t3YTI4VnM9Ci0tLS0tRU5EIENFUlRJRklDQVRFLS0tLS0K"
              }
            ],
            "master_authorized_networks_config": [],
            "master_version": "1.27.8-gke.1067004",
            "mesh_certificates": [],
            "min_master_version": null,
            "monitoring_config": [
              {
                "advanced_datapath_observability_config": [
                  {
                    "enable_metrics": false,
                    "relay_mode": ""
                  }
                ],
                "enable_components": [
                  "SYSTEM_COMPONENTS"
                ],
                "managed_prometheus": [
                  {
                    "enabled": true
                  }
                ]
              }
            ],
            "monitoring_service": "monitoring.googleapis.com/kubernetes",
            "name": "my-playground-cluster",
            "network": "projects/mms-clp-playground2402-a-i2ar/global/networks/minecraft-network",
            "network_policy": [
              {
                "enabled": false,
                "provider": "PROVIDER_UNSPECIFIED"
              }
            ],
            "networking_mode": "VPC_NATIVE",
            "node_config": [
              {
                "advanced_machine_features": [],
                "boot_disk_kms_key": "",
                "confidential_nodes": [],
                "disk_size_gb": 100,
                "disk_type": "pd-balanced",
                "effective_taints": [],
                "ephemeral_storage_local_ssd_config": [],
                "fast_socket": [],
                "gcfs_config": [],
                "guest_accelerator": [],
                "gvnic": [],
                "host_maintenance_policy": [],
                "image_type": "COS_CONTAINERD",
                "kubelet_config": [],
                "labels": {},
                "linux_node_config": [],
                "local_nvme_ssd_block_config": [],
                "local_ssd_count": 0,
                "logging_variant": "DEFAULT",
                "machine_type": "e2-micro",
                "metadata": {
                  "disable-legacy-endpoints": "true"
                },
                "min_cpu_platform": "",
                "node_group": "",
                "oauth_scopes": [
                  "https://www.googleapis.com/auth/devstorage.read_only",
                  "https://www.googleapis.com/auth/logging.write",
                  "https://www.googleapis.com/auth/monitoring",
                  "https://www.googleapis.com/auth/service.management.readonly",
                  "https://www.googleapis.com/auth/servicecontrol",
                  "https://www.googleapis.com/auth/trace.append"
                ],
                "preemptible": true,
                "reservation_affinity": [],
                "resource_labels": {},
                "service_account": "default",
                "shielded_instance_config": [
                  {
                    "enable_integrity_monitoring": true,
                    "enable_secure_boot": false
                  }
                ],
                "sole_tenant_config": [],
                "spot": false,
                "tags": [],
                "taint": [],
                "workload_metadata_config": []
              }
            ],
            "node_locations": [
              "europe-west4-a",
              "europe-west4-b",
              "europe-west4-c"
            ],
            "node_pool": [
              {
                "autoscaling": [],
                "initial_node_count": 1,
                "instance_group_urls": [
                  "https://www.googleapis.com/compute/v1/projects/mms-clp-playground2402-a-i2ar/zones/europe-west4-c/instanceGroupManagers/gke-my-playground-cluster-pool-a-9d8c5a5f-grp",
                  "https://www.googleapis.com/compute/v1/projects/mms-clp-playground2402-a-i2ar/zones/europe-west4-b/instanceGroupManagers/gke-my-playground-cluster-pool-a-02e90919-grp",
                  "https://www.googleapis.com/compute/v1/projects/mms-clp-playground2402-a-i2ar/zones/europe-west4-a/instanceGroupManagers/gke-my-playground-cluster-pool-a-768036be-grp"
                ],
                "managed_instance_group_urls": [
                  "https://www.googleapis.com/compute/v1/projects/mms-clp-playground2402-a-i2ar/zones/europe-west4-c/instanceGroups/gke-my-playground-cluster-pool-a-9d8c5a5f-grp",
                  "https://www.googleapis.com/compute/v1/projects/mms-clp-playground2402-a-i2ar/zones/europe-west4-b/instanceGroups/gke-my-playground-cluster-pool-a-02e90919-grp",
                  "https://www.googleapis.com/compute/v1/projects/mms-clp-playground2402-a-i2ar/zones/europe-west4-a/instanceGroups/gke-my-playground-cluster-pool-a-768036be-grp"
                ],
                "management": [
                  {
                    "auto_repair": true,
                    "auto_upgrade": true
                  }
                ],
                "max_pods_per_node": 110,
                "name": "pool-a",
                "name_prefix": "",
                "network_config": [
                  {
                    "create_pod_range": false,
                    "enable_private_nodes": false,
                    "network_performance_config": [],
                    "pod_cidr_overprovision_config": [],
                    "pod_ipv4_cidr_block": "10.52.0.0/14",
                    "pod_range": "gke-my-playground-cluster-pods-a33dd849"
                  }
                ],
                "node_config": [
                  {
                    "advanced_machine_features": [],
                    "boot_disk_kms_key": "",
                    "confidential_nodes": [],
                    "disk_size_gb": 100,
                    "disk_type": "pd-balanced",
                    "effective_taints": [],
                    "ephemeral_storage_local_ssd_config": [],
                    "fast_socket": [],
                    "gcfs_config": [],
                    "guest_accelerator": [],
                    "gvnic": [],
                    "host_maintenance_policy": [],
                    "image_type": "COS_CONTAINERD",
                    "kubelet_config": [],
                    "labels": {},
                    "linux_node_config": [],
                    "local_nvme_ssd_block_config": [],
                    "local_ssd_count": 0,
                    "logging_variant": "DEFAULT",
                    "machine_type": "e2-micro",
                    "metadata": {
                      "disable-legacy-endpoints": "true"
                    },
                    "min_cpu_platform": "",
                    "node_group": "",
                    "oauth_scopes": [
                      "https://www.googleapis.com/auth/devstorage.read_only",
                      "https://www.googleapis.com/auth/logging.write",
                      "https://www.googleapis.com/auth/monitoring",
                      "https://www.googleapis.com/auth/service.management.readonly",
                      "https://www.googleapis.com/auth/servicecontrol",
                      "https://www.googleapis.com/auth/trace.append"
                    ],
                    "preemptible": true,
                    "reservation_affinity": [],
                    "resource_labels": {},
                    "service_account": "default",
                    "shielded_instance_config": [
                      {
                        "enable_integrity_monitoring": true,
                        "enable_secure_boot": false
                      }
                    ],
                    "sole_tenant_config": [],
                    "spot": false,
                    "tags": [],
                    "taint": [],
                    "workload_metadata_config": []
                  }
                ],
                "node_count": 1,
                "node_locations": [
                  "europe-west4-a",
                  "europe-west4-b",
                  "europe-west4-c"
                ],
                "placement_policy": [],
                "upgrade_settings": [
                  {
                    "blue_green_settings": [],
                    "max_surge": 1,
                    "max_unavailable": 0,
                    "strategy": "SURGE"
                  }
                ],
                "version": "1.27.8-gke.1067004"
              }
            ],
            "node_pool_auto_config": [],
            "node_pool_defaults": [
              {
                "node_config_defaults": [
                  {
                    "logging_variant": "DEFAULT"
                  }
                ]
              }
            ],
            "node_version": "1.27.8-gke.1067004",
            "notification_config": [
              {
                "pubsub": [
                  {
                    "enabled": false,
                    "filter": [],
                    "topic": ""
                  }
                ]
              }
            ],
            "operation": null,
            "private_cluster_config": [
              {
                "enable_private_endpoint": false,
                "enable_private_nodes": false,
                "master_global_access_config": [
                  {
                    "enabled": false
                  }
                ],
                "master_ipv4_cidr_block": "",
                "peering_name": "",
                "private_endpoint": "10.164.0.2",
                "private_endpoint_subnetwork": "",
                "public_endpoint": "34.32.248.91"
              }
            ],
            "private_ipv6_google_access": "",
            "project": "mms-clp-playground2402-a-i2ar",
            "release_channel": [
              {
                "channel": "REGULAR"
              }
            ],
            "remove_default_node_pool": true,
            "resource_labels": {},
            "resource_usage_export_config": [],
            "security_posture_config": [
              {
                "mode": "BASIC",
                "vulnerability_mode": "VULNERABILITY_MODE_UNSPECIFIED"
              }
            ],
            "self_link": "https://container.googleapis.com/v1/projects/mms-clp-playground2402-a-i2ar/locations/europe-west4/clusters/my-playground-cluster",
            "service_external_ips_config": [
              {
                "enabled": false
              }
            ],
            "services_ipv4_cidr": "10.56.0.0/20",
            "subnetwork": "projects/mms-clp-playground2402-a-i2ar/regions/europe-west4/subnetworks/minecraft-network",
            "timeouts": null,
            "tpu_ipv4_cidr_block": "",
            "vertical_pod_autoscaling": [],
            "workload_identity_config": []
          },
          "sensitive_attributes": [],
          "private": "eyJlMmJmYjczMC1lY2FhLTExZTYtOGY4OC0zNDM2M2JjN2M0YzAiOnsiY3JlYXRlIjoyNDAwMDAwMDAwMDAwLCJkZWxldGUiOjI0MDAwMDAwMDAwMDAsInJlYWQiOjI0MDAwMDAwMDAwMDAsInVwZGF0ZSI6MzYwMDAwMDAwMDAwMH0sInNjaGVtYV92ZXJzaW9uIjoiMiJ9"
        }
      ]
    },
    {
      "mode": "managed",
      "type": "google_container_node_pool",
      "name": "pool-a",
      "provider": "provider[\"registry.terraform.io/hashicorp/google\"]",
      "instances": [
        {
          "schema_version": 1,
          "attributes": {
            "autoscaling": [],
            "cluster": "my-playground-cluster",
            "id": "projects/mms-clp-playground2402-a-i2ar/locations/europe-west4/clusters/my-playground-cluster/nodePools/pool-a",
            "initial_node_count": 3,
            "instance_group_urls": [
              "https://www.googleapis.com/compute/v1/projects/mms-clp-playground2402-a-i2ar/zones/europe-west4-c/instanceGroupManagers/gke-my-playground-cluster-pool-a-9d8c5a5f-grp",
              "https://www.googleapis.com/compute/v1/projects/mms-clp-playground2402-a-i2ar/zones/europe-west4-b/instanceGroupManagers/gke-my-playground-cluster-pool-a-02e90919-grp",
              "https://www.googleapis.com/compute/v1/projects/mms-clp-playground2402-a-i2ar/zones/europe-west4-a/instanceGroupManagers/gke-my-playground-cluster-pool-a-768036be-grp"
            ],
            "location": "europe-west4",
            "managed_instance_group_urls": [
              "https://www.googleapis.com/compute/v1/projects/mms-clp-playground2402-a-i2ar/zones/europe-west4-c/instanceGroups/gke-my-playground-cluster-pool-a-9d8c5a5f-grp",
              "https://www.googleapis.com/compute/v1/projects/mms-clp-playground2402-a-i2ar/zones/europe-west4-b/instanceGroups/gke-my-playground-cluster-pool-a-02e90919-grp",
              "https://www.googleapis.com/compute/v1/projects/mms-clp-playground2402-a-i2ar/zones/europe-west4-a/instanceGroups/gke-my-playground-cluster-pool-a-768036be-grp"
            ],
            "management": [
              {
                "auto_repair": true,
                "auto_upgrade": true
              }
            ],
            "max_pods_per_node": 110,
            "name": "pool-a",
            "name_prefix": "",
            "network_config": [
              {
                "create_pod_range": false,
                "enable_private_nodes": false,
                "network_performance_config": [],
                "pod_cidr_overprovision_config": [],
                "pod_ipv4_cidr_block": "10.52.0.0/14",
                "pod_range": "gke-my-playground-cluster-pods-a33dd849"
              }
            ],
            "node_config": [
              {
                "advanced_machine_features": [],
                "boot_disk_kms_key": "",
                "confidential_nodes": [],
                "disk_size_gb": 100,
                "disk_type": "pd-balanced",
                "effective_taints": [],
                "ephemeral_storage_local_ssd_config": [],
                "fast_socket": [],
                "gcfs_config": [],
                "guest_accelerator": [],
                "gvnic": [],
                "host_maintenance_policy": [],
                "image_type": "COS_CONTAINERD",
                "kubelet_config": [],
                "labels": {},
                "linux_node_config": [],
                "local_nvme_ssd_block_config": [],
                "local_ssd_count": 0,
                "logging_variant": "DEFAULT",
                "machine_type": "e2-micro",
                "metadata": {
                  "disable-legacy-endpoints": "true"
                },
                "min_cpu_platform": "",
                "node_group": "",
                "oauth_scopes": [
                  "https://www.googleapis.com/auth/devstorage.read_only",
                  "https://www.googleapis.com/auth/logging.write",
                  "https://www.googleapis.com/auth/monitoring",
                  "https://www.googleapis.com/auth/service.management.readonly",
                  "https://www.googleapis.com/auth/servicecontrol",
                  "https://www.googleapis.com/auth/trace.append"
                ],
                "preemptible": true,
                "reservation_affinity": [],
                "resource_labels": {},
                "service_account": "default",
                "shielded_instance_config": [
                  {
                    "enable_integrity_monitoring": true,
                    "enable_secure_boot": false
                  }
                ],
                "sole_tenant_config": [],
                "spot": false,
                "tags": [],
                "taint": [],
                "workload_metadata_config": []
              }
            ],
            "node_count": 3,
            "node_locations": [
              "europe-west4-a",
              "europe-west4-b",
              "europe-west4-c"
            ],
            "operation": null,
            "placement_policy": [],
            "project": "mms-clp-playground2402-a-i2ar",
            "timeouts": null,
            "upgrade_settings": [
              {
                "blue_green_settings": [],
                "max_surge": 1,
                "max_unavailable": 0,
                "strategy": "SURGE"
              }
            ],
            "version": "1.27.8-gke.1067004"
          },
          "sensitive_attributes": [],
          "private": "eyJlMmJmYjczMC1lY2FhLTExZTYtOGY4OC0zNDM2M2JjN2M0YzAiOnsiY3JlYXRlIjoxODAwMDAwMDAwMDAwLCJkZWxldGUiOjE4MDAwMDAwMDAwMDAsInVwZGF0ZSI6MTgwMDAwMDAwMDAwMH0sInNjaGVtYV92ZXJzaW9uIjoiMSJ9",
          "dependencies": [
            "google_container_cluster.my-playground-cluster"
          ]
        }
      ]
    }
  ],
  "check_results": []
}
