{
  "version": 4,
  "terraform_version": "1.3.2",
  "serial": 15,
  "lineage": "486857f4-b4a9-2fae-ae66-f6f9755f4301",
  "outputs": {},
  "resources": [
    {
      "mode": "managed",
      "type": "google_container_cluster",
      "name": "my-playground-cluster",
      "provider": "provider[\"registry.terraform.io/hashicorp/google\"]",
      "instances": [
        {
          "schema_version": 2,
          "attributes": {
            "addons_config": [
              {
                "cloudrun_config": [],
                "config_connector_config": [],
                "dns_cache_config": [],
                "gce_persistent_disk_csi_driver_config": [
                  {
                    "enabled": true
                  }
                ],
                "gcp_filestore_csi_driver_config": [],
                "gcs_fuse_csi_driver_config": [],
                "gke_backup_agent_config": [],
                "horizontal_pod_autoscaling": [],
                "http_load_balancing": [],
                "network_policy_config": [
                  {
                    "disabled": true
                  }
                ]
              }
            ],
            "allow_net_admin": null,
            "authenticator_groups_config": [],
            "binary_authorization": [
              {
                "enabled": false,
                "evaluation_mode": ""
              }
            ],
            "cluster_autoscaling": [
              {
                "auto_provisioning_defaults": [],
                "autoscaling_profile": "BALANCED",
                "enabled": false,
                "resource_limits": []
              }
            ],
            "cluster_ipv4_cidr": "10.52.0.0/14",
            "confidential_nodes": [],
            "cost_management_config": [],
            "database_encryption": [
              {
                "key_name": "",
                "state": "DECRYPTED"
              }
            ],
            "datapath_provider": "",
            "default_max_pods_per_node": 110,
            "default_snat_status": [
              {
                "disabled": false
              }
            ],
            "deletion_protection": true,
            "description": "",
            "dns_config": [],
            "enable_autopilot": false,
            "enable_intranode_visibility": false,
            "enable_k8s_beta_apis": [],
            "enable_kubernetes_alpha": false,
            "enable_l4_ilb_subsetting": false,
            "enable_legacy_abac": false,
            "enable_shielded_nodes": true,
            "enable_tpu": false,
            "endpoint": "34.147.103.62",
            "fleet": [],
            "gateway_api_config": [],
            "id": "projects/mms-clp-playground2402-a-i2ar/locations/europe-west4/clusters/my-playground-cluster",
            "identity_service_config": [],
            "initial_node_count": 1,
            "ip_allocation_policy": [
              {
                "additional_pod_ranges_config": [],
                "cluster_ipv4_cidr_block": "10.52.0.0/14",
                "cluster_secondary_range_name": "gke-my-playground-cluster-pods-7e8a5c32",
                "pod_cidr_overprovision_config": [
                  {
                    "disabled": false
                  }
                ],
                "services_ipv4_cidr_block": "10.56.0.0/20",
                "services_secondary_range_name": "gke-my-playground-cluster-services-7e8a5c32",
                "stack_type": "IPV4"
              }
            ],
            "label_fingerprint": "a9dc16a7",
            "location": "europe-west4",
            "logging_config": [
              {
                "enable_components": [
                  "SYSTEM_COMPONENTS",
                  "WORKLOADS"
                ]
              }
            ],
            "logging_service": "logging.googleapis.com/kubernetes",
            "maintenance_policy": [],
            "master_auth": [
              {
                "client_certificate": "",
                "client_certificate_config": [
                  {
                    "issue_client_certificate": false
                  }
                ],
                "client_key": "",
                "cluster_ca_certificate": "LS0tLS1CRUdJTiBDRVJUSUZJQ0FURS0tLS0tCk1JSUVMRENDQXBTZ0F3SUJBZ0lRR3JBRXV0a0hmazI0Tk5OQkVYWk1PekFOQmdrcWhraUc5dzBCQVFzRkFEQXYKTVMwd0t3WURWUVFERXlSbU16STBNamRpTVMxbU5HTTBMVFE1TXpVdFlqYzFNUzFsTVdSbFptTXdZalk0WldVdwpJQmNOTWpRd01qRTVNRGMwTURBeVdoZ1BNakExTkRBeU1URXdPRFF3TURKYU1DOHhMVEFyQmdOVkJBTVRKR1l6Ck1qUXlOMkl4TFdZMFl6UXRORGt6TlMxaU56VXhMV1V4WkdWbVl6QmlOamhsWlRDQ0FhSXdEUVlKS29aSWh2Y04KQVFFQkJRQURnZ0dQQURDQ0FZb0NnZ0dCQU1EY3Y1U0c1Unp4T0RubzNrSTVKWlVEU3k0amtwUGZNVlI2eGVuMApqejBXRXVmRFFsNy94RjkzQVRCUWpiMW4zOVlTVVNQSHo0SVhhYlR3TWlncE9kbDhDRTd0ZnVRVlZ2ZTI3Y0VTCnZOeXl5UlR4bFpYcHlIak9zZmpjdjNabkZBSUVhL1JHTGQvNE9vYUlENU14c0JTc25FTHQ4eDFKTVoyZmV0bzAKaDdabkhJLzIrdGsxMXBRSmJ2a2hSQVZvSXMyMFg4eVZ4YVhhQnlobWwvZWVqeEswWjlRVXgwMVdLUzVJcFhFNgpsVmVHYS9Ec1djalo0Qktwa2Z2MS9wTko4NDR3bFFnVkZhVnExS2JTOVN1RlorblU0VytlU2l2ZHJNN1BDMllMCkxjMWV2c1pOTzZjSUhPT3BqK095N1liS2NrbjBHVFB1K29OOVlaVFFkbXpHdFl0bVRJMXhsL1NwVUxNWDdCTzYKZ2JPbmxzL3Q2OXNVSUNZTENUeFNpRHVxMzFCSDNBcitsaEM5T0tFeWhOWTNITXBFZ0U1QmFQWXNoYTlYLytuMQpnT09QdzAraENLQnNNNFV3Z2RGb1V0OUI5SUpiLzB1V1JIN2J4cWxKQzdlbnFDZXZuYktHcHR1V2pJcVBkMXNOCjQvcjhlNTBkeWxsSk04RjUxeDBTbWN6bnFRSURBUUFCbzBJd1FEQU9CZ05WSFE4QkFmOEVCQU1DQWdRd0R3WUQKVlIwVEFRSC9CQVV3QXdFQi96QWRCZ05WSFE0RUZnUVVCdVh6M0NCb0J1dWtORkVxT1NYSjk2UjBpVzB3RFFZSgpLb1pJaHZjTkFRRUxCUUFEZ2dHQkFIenR3N2RKd1lYOUpBYTd0WUpJd3ROcWNJZ1NIcWh6V0d1YytUMmpJeXlpCkFHbUdZTTkrWEl3T0FoeVhuRzFvNE0rdGlMdWFLK2lZWXUyekxYL2YwQ1FnRDFlcDNwb09tT0h1OFJ6WDZ3ajgKL05SVDY2MzEzRnRocEhqL1dUbjFNdGtzL3l4d2Q3MnZSVGVwa1BSK2MrWFo3SVViQWtYSFJDaG5DQ2VxT1BUTQpVZFlYdmdnNWVGU0w1cWVoRXFlWm0yeElXcTFBSTJYRm53U29mVmlzOE4rL3VZV3QwYjFDOFQvQm55Q3VjT1ZtCmhHeVd5dno0Yi9DcXFMa29JU25sZ2w3Q2ZLQWNKODk3S2lkSXlXTDNyRHZmTXh4OXR4SHBzaXNQMUhKWDhGK00KR0pzdkM2Ry80MzFLYUtoVE95NnU2bUNFYmU2cnRaeldmWUtDSStSem9kVGpJd085TE5GdkNRN1F1RkUzZEh5ZAo3R0xzVEtSMEdnRW9zRURRQ3FIWDByZVBXMkRmb2pRYVNNZVVsOGlYbHFYaXFadEtHNzRUd3V4NDB0aU1CZ2ZjClVEMVVKc0EvdEZZbURiSDgxWE56b2F4VWhCaU1oeGRGMzVLdE0yY2hFdEpPRGUzTEJDMlNGMTk1ekRoWVUwRFAKdElWMWsrc2RDajAzd2ZCQkV4c01lZz09Ci0tLS0tRU5EIENFUlRJRklDQVRFLS0tLS0K"
              }
            ],
            "master_authorized_networks_config": [],
            "master_version": "1.27.8-gke.1067004",
            "mesh_certificates": [],
            "min_master_version": null,
            "monitoring_config": [
              {
                "advanced_datapath_observability_config": [
                  {
                    "enable_metrics": false,
                    "relay_mode": ""
                  }
                ],
                "enable_components": [
                  "SYSTEM_COMPONENTS"
                ],
                "managed_prometheus": [
                  {
                    "enabled": true
                  }
                ]
              }
            ],
            "monitoring_service": "monitoring.googleapis.com/kubernetes",
            "name": "my-playground-cluster",
            "network": "projects/mms-clp-playground2402-a-i2ar/global/networks/minecraft-network",
            "network_policy": [
              {
                "enabled": false,
                "provider": "PROVIDER_UNSPECIFIED"
              }
            ],
            "networking_mode": "VPC_NATIVE",
            "node_config": [],
            "node_locations": [
              "europe-west4-a",
              "europe-west4-b",
              "europe-west4-c"
            ],
            "node_pool": [],
            "node_pool_auto_config": [],
            "node_pool_defaults": [
              {
                "node_config_defaults": [
                  {
                    "logging_variant": "DEFAULT"
                  }
                ]
              }
            ],
            "node_version": "1.27.8-gke.1067004",
            "notification_config": [
              {
                "pubsub": [
                  {
                    "enabled": false,
                    "filter": [],
                    "topic": ""
                  }
                ]
              }
            ],
            "operation": null,
            "private_cluster_config": [
              {
                "enable_private_endpoint": false,
                "enable_private_nodes": false,
                "master_global_access_config": [
                  {
                    "enabled": false
                  }
                ],
                "master_ipv4_cidr_block": "",
                "peering_name": "",
                "private_endpoint": "10.164.15.193",
                "private_endpoint_subnetwork": "",
                "public_endpoint": "34.147.103.62"
              }
            ],
            "private_ipv6_google_access": "",
            "project": "mms-clp-playground2402-a-i2ar",
            "release_channel": [
              {
                "channel": "REGULAR"
              }
            ],
            "remove_default_node_pool": true,
            "resource_labels": null,
            "resource_usage_export_config": [],
            "security_posture_config": [
              {
                "mode": "BASIC",
                "vulnerability_mode": "VULNERABILITY_MODE_UNSPECIFIED"
              }
            ],
            "self_link": "https://container.googleapis.com/v1/projects/mms-clp-playground2402-a-i2ar/locations/europe-west4/clusters/my-playground-cluster",
            "service_external_ips_config": [
              {
                "enabled": false
              }
            ],
            "services_ipv4_cidr": "10.56.0.0/20",
            "subnetwork": "projects/mms-clp-playground2402-a-i2ar/regions/europe-west4/subnetworks/minecraft-network",
            "timeouts": null,
            "tpu_ipv4_cidr_block": "",
            "vertical_pod_autoscaling": [],
            "workload_identity_config": []
          },
          "sensitive_attributes": [],
          "private": "eyJlMmJmYjczMC1lY2FhLTExZTYtOGY4OC0zNDM2M2JjN2M0YzAiOnsiY3JlYXRlIjoyNDAwMDAwMDAwMDAwLCJkZWxldGUiOjI0MDAwMDAwMDAwMDAsInJlYWQiOjI0MDAwMDAwMDAwMDAsInVwZGF0ZSI6MzYwMDAwMDAwMDAwMH0sInNjaGVtYV92ZXJzaW9uIjoiMiJ9"
        }
      ]
    },
    {
      "mode": "managed",
      "type": "google_container_node_pool",
      "name": "pool-a",
      "provider": "provider[\"registry.terraform.io/hashicorp/google\"]",
      "instances": [
        {
          "schema_version": 1,
          "attributes": {
            "autoscaling": [],
            "cluster": "my-playground-cluster",
            "id": "projects/mms-clp-playground2402-a-i2ar/locations/europe-west4/clusters/my-playground-cluster/nodePools/pool-a",
            "initial_node_count": 3,
            "instance_group_urls": [
              "https://www.googleapis.com/compute/v1/projects/mms-clp-playground2402-a-i2ar/zones/europe-west4-c/instanceGroupManagers/gke-my-playground-cluster-pool-a-5d909ff8-grp",
              "https://www.googleapis.com/compute/v1/projects/mms-clp-playground2402-a-i2ar/zones/europe-west4-b/instanceGroupManagers/gke-my-playground-cluster-pool-a-7c82ae93-grp",
              "https://www.googleapis.com/compute/v1/projects/mms-clp-playground2402-a-i2ar/zones/europe-west4-a/instanceGroupManagers/gke-my-playground-cluster-pool-a-8e0b28a4-grp"
            ],
            "location": "europe-west4",
            "managed_instance_group_urls": [
              "https://www.googleapis.com/compute/v1/projects/mms-clp-playground2402-a-i2ar/zones/europe-west4-c/instanceGroups/gke-my-playground-cluster-pool-a-5d909ff8-grp",
              "https://www.googleapis.com/compute/v1/projects/mms-clp-playground2402-a-i2ar/zones/europe-west4-b/instanceGroups/gke-my-playground-cluster-pool-a-7c82ae93-grp",
              "https://www.googleapis.com/compute/v1/projects/mms-clp-playground2402-a-i2ar/zones/europe-west4-a/instanceGroups/gke-my-playground-cluster-pool-a-8e0b28a4-grp"
            ],
            "management": [
              {
                "auto_repair": true,
                "auto_upgrade": true
              }
            ],
            "max_pods_per_node": 110,
            "name": "pool-a",
            "name_prefix": "",
            "network_config": [
              {
                "create_pod_range": false,
                "enable_private_nodes": false,
                "network_performance_config": [],
                "pod_cidr_overprovision_config": [],
                "pod_ipv4_cidr_block": "10.52.0.0/14",
                "pod_range": "gke-my-playground-cluster-pods-7e8a5c32"
              }
            ],
            "node_config": [
              {
                "advanced_machine_features": [],
                "boot_disk_kms_key": "",
                "confidential_nodes": [],
                "disk_size_gb": 100,
                "disk_type": "pd-balanced",
                "effective_taints": [],
                "ephemeral_storage_local_ssd_config": [],
                "fast_socket": [],
                "gcfs_config": [],
                "guest_accelerator": [],
                "gvnic": [],
                "host_maintenance_policy": [],
                "image_type": "COS_CONTAINERD",
                "kubelet_config": [],
                "labels": {},
                "linux_node_config": [],
                "local_nvme_ssd_block_config": [],
                "local_ssd_count": 0,
                "logging_variant": "DEFAULT",
                "machine_type": "e2-micro",
                "metadata": {
                  "disable-legacy-endpoints": "true"
                },
                "min_cpu_platform": "",
                "node_group": "",
                "oauth_scopes": [
                  "https://www.googleapis.com/auth/devstorage.read_only",
                  "https://www.googleapis.com/auth/logging.write",
                  "https://www.googleapis.com/auth/monitoring",
                  "https://www.googleapis.com/auth/service.management.readonly",
                  "https://www.googleapis.com/auth/servicecontrol",
                  "https://www.googleapis.com/auth/trace.append"
                ],
                "preemptible": true,
                "reservation_affinity": [],
                "resource_labels": null,
                "service_account": "default",
                "shielded_instance_config": [
                  {
                    "enable_integrity_monitoring": true,
                    "enable_secure_boot": false
                  }
                ],
                "sole_tenant_config": [],
                "spot": false,
                "tags": null,
                "taint": [],
                "workload_metadata_config": []
              }
            ],
            "node_count": 3,
            "node_locations": [
              "europe-west4-a",
              "europe-west4-b",
              "europe-west4-c"
            ],
            "operation": null,
            "placement_policy": [],
            "project": "mms-clp-playground2402-a-i2ar",
            "timeouts": null,
            "upgrade_settings": [
              {
                "blue_green_settings": [],
                "max_surge": 1,
                "max_unavailable": 0,
                "strategy": "SURGE"
              }
            ],
            "version": "1.27.8-gke.1067004"
          },
          "sensitive_attributes": [],
          "private": "eyJlMmJmYjczMC1lY2FhLTExZTYtOGY4OC0zNDM2M2JjN2M0YzAiOnsiY3JlYXRlIjoxODAwMDAwMDAwMDAwLCJkZWxldGUiOjE4MDAwMDAwMDAwMDAsInVwZGF0ZSI6MTgwMDAwMDAwMDAwMH0sInNjaGVtYV92ZXJzaW9uIjoiMSJ9",
          "dependencies": [
            "google_container_cluster.my-playground-cluster"
          ]
        }
      ]
    }
  ],
  "check_results": []
}
